Microsoft Visual Studio Solution File, Format Version 11.00
# Visual Studio 2008

Project("{8E9CDD3A-C2CD-053D-9EDC-521F66CA13FD}") = "heli1", "Assembly-CSharp.csproj", "{709ABC8A-95BF-4FF5-C79C-2B0804577A78}"
EndProject
Global
	GlobalSection(SolutionConfigurationPlatforms) = preSolution
		Debug|Any CPU = Debug|Any CPU
		Release|Any CPU = Release|Any CPU
	EndGlobalSection
	GlobalSection(ProjectConfigurationPlatforms) = postSolution
		{709ABC8A-95BF-4FF5-C79C-2B0804577A78}.Debug|Any CPU.ActiveCfg = Debug|Any CPU
		{709ABC8A-95BF-4FF5-C79C-2B0804577A78}.Debug|Any CPU.Build.0 = Debug|Any CPU
		{709ABC8A-95BF-4FF5-C79C-2B0804577A78}.Release|Any CPU.ActiveCfg = Release|Any CPU
		{709ABC8A-95BF-4FF5-C79C-2B0804577A78}.Release|Any CPU.Build.0 = Release|Any CPU
	EndGlobalSection
	GlobalSection(SolutionProperties) = preSolution
		HideSolutionNode = FALSE
	EndGlobalSection
	GlobalSection(MonoDevelopProperties) = preSolution
		StartupItem = Assembly-CSharp.csproj
	EndGlobalSection
EndGlobal
